// !$*UTF8*$!
{
	archiveVersion = 1;
	classes = {
	};
	objectVersion = 48;
	objects = {

/* Begin PBXBuildFile section */
		1C64C33A1CB31EBC87836412 /* Pods_WeatherApp.framework in Frameworks */ = {isa = PBXBuildFile; fileRef = 4A834C980AF75F07570CF0EE /* Pods_WeatherApp.framework */; };
		7C7CC94F204D91C2006EBF80 /* AppDelegate.swift in Sources */ = {isa = PBXBuildFile; fileRef = 7C7CC94E204D91C2006EBF80 /* AppDelegate.swift */; };
		7C7CC954204D91C2006EBF80 /* Main.storyboard in Resources */ = {isa = PBXBuildFile; fileRef = 7C7CC952204D91C2006EBF80 /* Main.storyboard */; };
		7C7CC956204D91C2006EBF80 /* Assets.xcassets in Resources */ = {isa = PBXBuildFile; fileRef = 7C7CC955204D91C2006EBF80 /* Assets.xcassets */; };
		7C7CC959204D91C2006EBF80 /* LaunchScreen.storyboard in Resources */ = {isa = PBXBuildFile; fileRef = 7C7CC957204D91C2006EBF80 /* LaunchScreen.storyboard */; };
		FFD95193205DC525006724C2 /* MapViewController.swift in Sources */ = {isa = PBXBuildFile; fileRef = FFD95192205DC525006724C2 /* MapViewController.swift */; };
		FFD95195205DC537006724C2 /* WheatherViewController.swift in Sources */ = {isa = PBXBuildFile; fileRef = FFD95194205DC537006724C2 /* WheatherViewController.swift */; };
		FFD95197205DC5CC006724C2 /* WheatherAPIManager.swift in Sources */ = {isa = PBXBuildFile; fileRef = FFD95196205DC5CC006724C2 /* WheatherAPIManager.swift */; };
		FFD95199205DC5DA006724C2 /* MapAPIManager.swift in Sources */ = {isa = PBXBuildFile; fileRef = FFD95198205DC5D9006724C2 /* MapAPIManager.swift */; };
/* End PBXBuildFile section */

/* Begin PBXFileReference section */
		1E2D555011C307D893CB6239 /* Pods-WeatherApp.release.xcconfig */ = {isa = PBXFileReference; includeInIndex = 1; lastKnownFileType = text.xcconfig; name = "Pods-WeatherApp.release.xcconfig"; path = "Pods/Target Support Files/Pods-WeatherApp/Pods-WeatherApp.release.xcconfig"; sourceTree = "<group>"; };
		4A834C980AF75F07570CF0EE /* Pods_WeatherApp.framework */ = {isa = PBXFileReference; explicitFileType = wrapper.framework; includeInIndex = 0; path = Pods_WeatherApp.framework; sourceTree = BUILT_PRODUCTS_DIR; };
		7C7CC94B204D91C2006EBF80 /* WeatherApp.app */ = {isa = PBXFileReference; explicitFileType = wrapper.application; includeInIndex = 0; path = WeatherApp.app; sourceTree = BUILT_PRODUCTS_DIR; };
		7C7CC94E204D91C2006EBF80 /* AppDelegate.swift */ = {isa = PBXFileReference; lastKnownFileType = sourcecode.swift; path = AppDelegate.swift; sourceTree = "<group>"; };
		7C7CC953204D91C2006EBF80 /* Base */ = {isa = PBXFileReference; lastKnownFileType = file.storyboard; name = Base; path = Base.lproj/Main.storyboard; sourceTree = "<group>"; };
		7C7CC955204D91C2006EBF80 /* Assets.xcassets */ = {isa = PBXFileReference; lastKnownFileType = folder.assetcatalog; path = Assets.xcassets; sourceTree = "<group>"; };
		7C7CC958204D91C2006EBF80 /* Base */ = {isa = PBXFileReference; lastKnownFileType = file.storyboard; name = Base; path = Base.lproj/LaunchScreen.storyboard; sourceTree = "<group>"; };
		7C7CC95A204D91C2006EBF80 /* Info.plist */ = {isa = PBXFileReference; lastKnownFileType = text.plist.xml; path = Info.plist; sourceTree = "<group>"; };
		87D158EB75326F12D97767F2 /* Pods-WeatherApp.debug.xcconfig */ = {isa = PBXFileReference; includeInIndex = 1; lastKnownFileType = text.xcconfig; name = "Pods-WeatherApp.debug.xcconfig"; path = "Pods/Target Support Files/Pods-WeatherApp/Pods-WeatherApp.debug.xcconfig"; sourceTree = "<group>"; };
		FFD95192205DC525006724C2 /* MapViewController.swift */ = {isa = PBXFileReference; lastKnownFileType = sourcecode.swift; path = MapViewController.swift; sourceTree = "<group>"; };
		FFD95194205DC537006724C2 /* WheatherViewController.swift */ = {isa = PBXFileReference; lastKnownFileType = sourcecode.swift; path = WheatherViewController.swift; sourceTree = "<group>"; };
		FFD95196205DC5CC006724C2 /* WheatherAPIManager.swift */ = {isa = PBXFileReference; lastKnownFileType = sourcecode.swift; path = WheatherAPIManager.swift; sourceTree = "<group>"; };
		FFD95198205DC5D9006724C2 /* MapAPIManager.swift */ = {isa = PBXFileReference; lastKnownFileType = sourcecode.swift; path = MapAPIManager.swift; sourceTree = "<group>"; };
/* End PBXFileReference section */

/* Begin PBXFrameworksBuildPhase section */
		7C7CC948204D91C2006EBF80 /* Frameworks */ = {
			isa = PBXFrameworksBuildPhase;
			buildActionMask = 2147483647;
			files = (
				1C64C33A1CB31EBC87836412 /* Pods_WeatherApp.framework in Frameworks */,
			);
			runOnlyForDeploymentPostprocessing = 0;
		};
/* End PBXFrameworksBuildPhase section */

/* Begin PBXGroup section */
		7C7CC942204D91C2006EBF80 = {
			isa = PBXGroup;
			children = (
				7C7CC94D204D91C2006EBF80 /* WeatherApp */,
				7C7CC94C204D91C2006EBF80 /* Products */,
				E7E098846CF3B6C96792E962 /* Pods */,
				86C76206BEA02E909E6E6524 /* Frameworks */,
			);
			sourceTree = "<group>";
		};
		7C7CC94C204D91C2006EBF80 /* Products */ = {
			isa = PBXGroup;
			children = (
				7C7CC94B204D91C2006EBF80 /* WeatherApp.app */,
			);
			name = Products;
			sourceTree = "<group>";
		};
		7C7CC94D204D91C2006EBF80 /* WeatherApp */ = {
			isa = PBXGroup;
			children = (
				FFD9518B205DC4EE006724C2 /* API */,
				FFD9518A205DC4E9006724C2 /* Modules */,
				7C7CC94E204D91C2006EBF80 /* AppDelegate.swift */,
				7C7CC952204D91C2006EBF80 /* Main.storyboard */,
				7C7CC955204D91C2006EBF80 /* Assets.xcassets */,
				7C7CC957204D91C2006EBF80 /* LaunchScreen.storyboard */,
				7C7CC95A204D91C2006EBF80 /* Info.plist */,
			);
			path = WeatherApp;
			sourceTree = "<group>";
		};
		86C76206BEA02E909E6E6524 /* Frameworks */ = {
			isa = PBXGroup;
			children = (
				4A834C980AF75F07570CF0EE /* Pods_WeatherApp.framework */,
			);
			name = Frameworks;
			sourceTree = "<group>";
		};
		E7E098846CF3B6C96792E962 /* Pods */ = {
			isa = PBXGroup;
			children = (
				87D158EB75326F12D97767F2 /* Pods-WeatherApp.debug.xcconfig */,
				1E2D555011C307D893CB6239 /* Pods-WeatherApp.release.xcconfig */,
			);
			name = Pods;
			sourceTree = "<group>";
		};
		FFD9518A205DC4E9006724C2 /* Modules */ = {
			isa = PBXGroup;
			children = (
				FFD9518F205DC506006724C2 /* Weather */,
				FFD9518E205DC501006724C2 /* Map */,
			);
			path = Modules;
			sourceTree = "<group>";
		};
		FFD9518B205DC4EE006724C2 /* API */ = {
			isa = PBXGroup;
			children = (
				FFD9518D205DC4F9006724C2 /* WeatherAPI */,
				FFD9518C205DC4F4006724C2 /* MapAPI */,
			);
			path = API;
			sourceTree = "<group>";
		};
		FFD9518C205DC4F4006724C2 /* MapAPI */ = {
			isa = PBXGroup;
			children = (
				FFD95198205DC5D9006724C2 /* MapAPIManager.swift */,
			);
			path = MapAPI;
			sourceTree = "<group>";
		};
		FFD9518D205DC4F9006724C2 /* WeatherAPI */ = {
			isa = PBXGroup;
			children = (
				FFD95196205DC5CC006724C2 /* WheatherAPIManager.swift */,
			);
			path = WeatherAPI;
			sourceTree = "<group>";
		};
		FFD9518E205DC501006724C2 /* Map */ = {
			isa = PBXGroup;
			children = (
				FFD95190205DC516006724C2 /* View */,
			);
			path = Map;
			sourceTree = "<group>";
		};
		FFD9518F205DC506006724C2 /* Weather */ = {
			isa = PBXGroup;
			children = (
				FFD95191205DC51A006724C2 /* View */,
			);
			path = Weather;
			sourceTree = "<group>";
		};
		FFD95190205DC516006724C2 /* View */ = {
			isa = PBXGroup;
			children = (
				FFD95192205DC525006724C2 /* MapViewController.swift */,
			);
			path = View;
			sourceTree = "<group>";
		};
		FFD95191205DC51A006724C2 /* View */ = {
			isa = PBXGroup;
			children = (
				FFD95194205DC537006724C2 /* WheatherViewController.swift */,
			);
			path = View;
			sourceTree = "<group>";
		};
/* End PBXGroup section */

/* Begin PBXNativeTarget section */
		7C7CC94A204D91C2006EBF80 /* WeatherApp */ = {
			isa = PBXNativeTarget;
			buildConfigurationList = 7C7CC95D204D91C2006EBF80 /* Build configuration list for PBXNativeTarget "WeatherApp" */;
			buildPhases = (
				DA22E29E23D5BAD72467B5B1 /* [CP] Check Pods Manifest.lock */,
				7C7CC947204D91C2006EBF80 /* Sources */,
				7C7CC948204D91C2006EBF80 /* Frameworks */,
				7C7CC949204D91C2006EBF80 /* Resources */,
				3FA1486105C1961C574FB582 /* [CP] Embed Pods Frameworks */,
				9D70F0F9DB22CF3089C7F8FC /* [CP] Copy Pods Resources */,
			);
			buildRules = (
			);
			dependencies = (
			);
			name = WeatherApp;
			productName = WeatherApp;
			productReference = 7C7CC94B204D91C2006EBF80 /* WeatherApp.app */;
			productType = "com.apple.product-type.application";
		};
/* End PBXNativeTarget section */

/* Begin PBXProject section */
		7C7CC943204D91C2006EBF80 /* Project object */ = {
			isa = PBXProject;
			attributes = {
				LastSwiftUpdateCheck = 0920;
				LastUpgradeCheck = 0920;
				ORGANIZATIONNAME = iOSLab;
				TargetAttributes = {
					7C7CC94A204D91C2006EBF80 = {
						CreatedOnToolsVersion = 9.2;
						ProvisioningStyle = Automatic;
					};
				};
			};
			buildConfigurationList = 7C7CC946204D91C2006EBF80 /* Build configuration list for PBXProject "WeatherApp" */;
			compatibilityVersion = "Xcode 8.0";
			developmentRegion = en;
			hasScannedForEncodings = 0;
			knownRegions = (
				en,
				Base,
			);
			mainGroup = 7C7CC942204D91C2006EBF80;
			productRefGroup = 7C7CC94C204D91C2006EBF80 /* Products */;
			projectDirPath = "";
			projectRoot = "";
			targets = (
				7C7CC94A204D91C2006EBF80 /* WeatherApp */,
			);
		};
/* End PBXProject section */

/* Begin PBXResourcesBuildPhase section */
		7C7CC949204D91C2006EBF80 /* Resources */ = {
			isa = PBXResourcesBuildPhase;
			buildActionMask = 2147483647;
			files = (
				7C7CC959204D91C2006EBF80 /* LaunchScreen.storyboard in Resources */,
				7C7CC956204D91C2006EBF80 /* Assets.xcassets in Resources */,
				7C7CC954204D91C2006EBF80 /* Main.storyboard in Resources */,
			);
			runOnlyForDeploymentPostprocessing = 0;
		};
/* End PBXResourcesBuildPhase section */

/* Begin PBXShellScriptBuildPhase section */
		3FA1486105C1961C574FB582 /* [CP] Embed Pods Frameworks */ = {
			isa = PBXShellScriptBuildPhase;
			buildActionMask = 2147483647;
			files = (
			);
			inputPaths = (
				"${SRCROOT}/Pods/Target Support Files/Pods-WeatherApp/Pods-WeatherApp-frameworks.sh",
				"${BUILT_PRODUCTS_DIR}/SDWebImage/SDWebImage.framework",
				"${BUILT_PRODUCTS_DIR}/libwebp/libwebp.framework",
			);
			name = "[CP] Embed Pods Frameworks";
			outputPaths = (
				"${TARGET_BUILD_DIR}/${FRAMEWORKS_FOLDER_PATH}/SDWebImage.framework",
				"${TARGET_BUILD_DIR}/${FRAMEWORKS_FOLDER_PATH}/libwebp.framework",
			);
			runOnlyForDeploymentPostprocessing = 0;
			shellPath = /bin/sh;
			shellScript = "\"${SRCROOT}/Pods/Target Support Files/Pods-WeatherApp/Pods-WeatherApp-frameworks.sh\"\n";
			showEnvVarsInLog = 0;
		};
		9D70F0F9DB22CF3089C7F8FC /* [CP] Copy Pods Resources */ = {
			isa = PBXShellScriptBuildPhase;
			buildActionMask = 2147483647;
			files = (
			);
			inputPaths = (
				"${SRCROOT}/Pods/Target Support Files/Pods-WeatherApp/Pods-WeatherApp-resources.sh",
				"${PODS_ROOT}/GooglePlaces/Frameworks/GooglePlaces.framework/Resources/GooglePlaces.bundle",
			);
			name = "[CP] Copy Pods Resources";
			outputPaths = (
				"${TARGET_BUILD_DIR}/${UNLOCALIZED_RESOURCES_FOLDER_PATH}/GooglePlaces.bundle",
			);
			runOnlyForDeploymentPostprocessing = 0;
			shellPath = /bin/sh;
			shellScript = "\"${SRCROOT}/Pods/Target Support Files/Pods-WeatherApp/Pods-WeatherApp-resources.sh\"\n";
			showEnvVarsInLog = 0;
		};
		DA22E29E23D5BAD72467B5B1 /* [CP] Check Pods Manifest.lock */ = {
			isa = PBXShellScriptBuildPhase;
			buildActionMask = 2147483647;
			files = (
			);
			inputPaths = (
				"${PODS_PODFILE_DIR_PATH}/Podfile.lock",
				"${PODS_ROOT}/Manifest.lock",
			);
			name = "[CP] Check Pods Manifest.lock";
			outputPaths = (
				"$(DERIVED_FILE_DIR)/Pods-WeatherApp-checkManifestLockResult.txt",
			);
			runOnlyForDeploymentPostprocessing = 0;
			shellPath = /bin/sh;
			shellScript = "diff \"${PODS_PODFILE_DIR_PATH}/Podfile.lock\" \"${PODS_ROOT}/Manifest.lock\" > /dev/null\nif [ $? != 0 ] ; then\n    # print error to STDERR\n    echo \"error: The sandbox is not in sync with the Podfile.lock. Run 'pod install' or update your CocoaPods installation.\" >&2\n    exit 1\nfi\n# This output is used by Xcode 'outputs' to avoid re-running this script phase.\necho \"SUCCESS\" > \"${SCRIPT_OUTPUT_FILE_0}\"\n";
			showEnvVarsInLog = 0;
		};
/* End PBXShellScriptBuildPhase section */

/* Begin PBXSourcesBuildPhase section */
		7C7CC947204D91C2006EBF80 /* Sources */ = {
			isa = PBXSourcesBuildPhase;
			buildActionMask = 2147483647;
			files = (
				FFD95197205DC5CC006724C2 /* WheatherAPIManager.swift in Sources */,
				FFD95199205DC5DA006724C2 /* MapAPIManager.swift in Sources */,
				7C7CC94F204D91C2006EBF80 /* AppDelegate.swift in Sources */,
				FFD95193205DC525006724C2 /* MapViewController.swift in Sources */,
				FFD95195205DC537006724C2 /* WheatherViewController.swift in Sources */,
			);
			runOnlyForDeploymentPostprocessing = 0;
		};
/* End PBXSourcesBuildPhase section */

/* Begin PBXVariantGroup section */
		7C7CC952204D91C2006EBF80 /* Main.storyboard */ = {
			isa = PBXVariantGroup;
			children = (
				7C7CC953204D91C2006EBF80 /* Base */,
			);
			name = Main.storyboard;
			sourceTree = "<group>";
		};
		7C7CC957204D91C2006EBF80 /* LaunchScreen.storyboard */ = {
			isa = PBXVariantGroup;
			children = (
				7C7CC958204D91C2006EBF80 /* Base */,
			);
			name = LaunchScreen.storyboard;
			sourceTree = "<group>";
		};
/* End PBXVariantGroup section */

/* Begin XCBuildConfiguration section */
		7C7CC95B204D91C2006EBF80 /* Debug */ = {
			isa = XCBuildConfiguration;
			buildSettings = {
				ALWAYS_SEARCH_USER_PATHS = NO;
				CLANG_ANALYZER_NONNULL = YES;
				CLANG_ANALYZER_NUMBER_OBJECT_CONVERSION = YES_AGGRESSIVE;
				CLANG_CXX_LANGUAGE_STANDARD = "gnu++14";
				CLANG_CXX_LIBRARY = "libc++";
				CLANG_ENABLE_MODULES = YES;
				CLANG_ENABLE_OBJC_ARC = YES;
				CLANG_WARN_BLOCK_CAPTURE_AUTORELEASING = YES;
				CLANG_WARN_BOOL_CONVERSION = YES;
				CLANG_WARN_COMMA = YES;
				CLANG_WARN_CONSTANT_CONVERSION = YES;
				CLANG_WARN_DIRECT_OBJC_ISA_USAGE = YES_ERROR;
				CLANG_WARN_DOCUMENTATION_COMMENTS = YES;
				CLANG_WARN_EMPTY_BODY = YES;
				CLANG_WARN_ENUM_CONVERSION = YES;
				CLANG_WARN_INFINITE_RECURSION = YES;
				CLANG_WARN_INT_CONVERSION = YES;
				CLANG_WARN_NON_LITERAL_NULL_CONVERSION = YES;
				CLANG_WARN_OBJC_LITERAL_CONVERSION = YES;
				CLANG_WARN_OBJC_ROOT_CLASS = YES_ERROR;
				CLANG_WARN_RANGE_LOOP_ANALYSIS = YES;
				CLANG_WARN_STRICT_PROTOTYPES = YES;
				CLANG_WARN_SUSPICIOUS_MOVE = YES;
				CLANG_WARN_UNGUARDED_AVAILABILITY = YES_AGGRESSIVE;
				CLANG_WARN_UNREACHABLE_CODE = YES;
				CLANG_WARN__DUPLICATE_METHOD_MATCH = YES;
				CODE_SIGN_IDENTITY = "iPhone Developer";
				COPY_PHASE_STRIP = NO;
				DEBUG_INFORMATION_FORMAT = dwarf;
				ENABLE_STRICT_OBJC_MSGSEND = YES;
				ENABLE_TESTABILITY = YES;
				GCC_C_LANGUAGE_STANDARD = gnu11;
				GCC_DYNAMIC_NO_PIC = NO;
				GCC_NO_COMMON_BLOCKS = YES;
				GCC_OPTIMIZATION_LEVEL = 0;
				GCC_PREPROCESSOR_DEFINITIONS = (
					"DEBUG=1",
					"$(inherited)",
				);
				GCC_WARN_64_TO_32_BIT_CONVERSION = YES;
				GCC_WARN_ABOUT_RETURN_TYPE = YES_ERROR;
				GCC_WARN_UNDECLARED_SELECTOR = YES;
				GCC_WARN_UNINITIALIZED_AUTOS = YES_AGGRESSIVE;
				GCC_WARN_UNUSED_FUNCTION = YES;
				GCC_WARN_UNUSED_VARIABLE = YES;
				IPHONEOS_DEPLOYMENT_TARGET = 11.2;
				MTL_ENABLE_DEBUG_INFO = YES;
				ONLY_ACTIVE_ARCH = YES;
				SDKROOT = iphoneos;
				SWIFT_ACTIVE_COMPILATION_CONDITIONS = DEBUG;
				SWIFT_OPTIMIZATION_LEVEL = "-Onone";
			};
			name = Debug;
		};
		7C7CC95C204D91C2006EBF80 /* Release */ = {
			isa = XCBuildConfiguration;
			buildSettings = {
				ALWAYS_SEARCH_USER_PATHS = NO;
				CLANG_ANALYZER_NONNULL = YES;
				CLANG_ANALYZER_NUMBER_OBJECT_CONVERSION = YES_AGGRESSIVE;
				CLANG_CXX_LANGUAGE_STANDARD = "gnu++14";
				CLANG_CXX_LIBRARY = "libc++";
				CLANG_ENABLE_MODULES = YES;
				CLANG_ENABLE_OBJC_ARC = YES;
				CLANG_WARN_BLOCK_CAPTURE_AUTORELEASING = YES;
				CLANG_WARN_BOOL_CONVERSION = YES;
				CLANG_WARN_COMMA = YES;
				CLANG_WARN_CONSTANT_CONVERSION = YES;
				CLANG_WARN_DIRECT_OBJC_ISA_USAGE = YES_ERROR;
				CLANG_WARN_DOCUMENTATION_COMMENTS = YES;
				CLANG_WARN_EMPTY_BODY = YES;
				CLANG_WARN_ENUM_CONVERSION = YES;
				CLANG_WARN_INFINITE_RECURSION = YES;
				CLANG_WARN_INT_CONVERSION = YES;
				CLANG_WARN_NON_LITERAL_NULL_CONVERSION = YES;
				CLANG_WARN_OBJC_LITERAL_CONVERSION = YES;
				CLANG_WARN_OBJC_ROOT_CLASS = YES_ERROR;
				CLANG_WARN_RANGE_LOOP_ANALYSIS = YES;
				CLANG_WARN_STRICT_PROTOTYPES = YES;
				CLANG_WARN_SUSPICIOUS_MOVE = YES;
				CLANG_WARN_UNGUARDED_AVAILABILITY = YES_AGGRESSIVE;
				CLANG_WARN_UNREACHABLE_CODE = YES;
				CLANG_WARN__DUPLICATE_METHOD_MATCH = YES;
				CODE_SIGN_IDENTITY = "iPhone Developer";
				COPY_PHASE_STRIP = NO;
				DEBUG_INFORMATION_FORMAT = "dwarf-with-dsym";
				ENABLE_NS_ASSERTIONS = NO;
				ENABLE_STRICT_OBJC_MSGSEND = YES;
				GCC_C_LANGUAGE_STANDARD = gnu11;
				GCC_NO_COMMON_BLOCKS = YES;
				GCC_WARN_64_TO_32_BIT_CONVERSION = YES;
				GCC_WARN_ABOUT_RETURN_TYPE = YES_ERROR;
				GCC_WARN_UNDECLARED_SELECTOR = YES;
				GCC_WARN_UNINITIALIZED_AUTOS = YES_AGGRESSIVE;
				GCC_WARN_UNUSED_FUNCTION = YES;
				GCC_WARN_UNUSED_VARIABLE = YES;
				IPHONEOS_DEPLOYMENT_TARGET = 11.2;
				MTL_ENABLE_DEBUG_INFO = NO;
				SDKROOT = iphoneos;
				SWIFT_OPTIMIZATION_LEVEL = "-Owholemodule";
				VALIDATE_PRODUCT = YES;
			};
			name = Release;
		};
		7C7CC95E204D91C2006EBF80 /* Debug */ = {
			isa = XCBuildConfiguration;
			baseConfigurationReference = 87D158EB75326F12D97767F2 /* Pods-WeatherApp.debug.xcconfig */;
			buildSettings = {
				ASSETCATALOG_COMPILER_APPICON_NAME = AppIcon;
				CODE_SIGN_STYLE = Automatic;
				INFOPLIST_FILE = WeatherApp/Info.plist;
				LD_RUNPATH_SEARCH_PATHS = "$(inherited) @executable_path/Frameworks";
				PRODUCT_BUNDLE_IDENTIFIER = iOSLab.WeatherApp;
				PRODUCT_NAME = "$(TARGET_NAME)";
				SWIFT_VERSION = 4.0;
				TARGETED_DEVICE_FAMILY = "1,2";
			};
			name = Debug;
		};
		7C7CC95F204D91C2006EBF80 /* Release */ = {
			isa = XCBuildConfiguration;
			baseConfigurationReference = 1E2D555011C307D893CB6239 /* Pods-WeatherApp.release.xcconfig */;
			buildSettings = {
				ASSETCATALOG_COMPILER_APPICON_NAME = AppIcon;
				CODE_SIGN_STYLE = Automatic;
				INFOPLIST_FILE = WeatherApp/Info.plist;
				LD_RUNPATH_SEARCH_PATHS = "$(inherited) @executable_path/Frameworks";
				PRODUCT_BUNDLE_IDENTIFIER = iOSLab.WeatherApp;
				PRODUCT_NAME = "$(TARGET_NAME)";
				SWIFT_VERSION = 4.0;
				TARGETED_DEVICE_FAMILY = "1,2";
			};
			name = Release;
		};
/* End XCBuildConfiguration section */

/* Begin XCConfigurationList section */
		7C7CC946204D91C2006EBF80 /* Build configuration list for PBXProject "WeatherApp" */ = {
			isa = XCConfigurationList;
			buildConfigurations = (
				7C7CC95B204D91C2006EBF80 /* Debug */,
				7C7CC95C204D91C2006EBF80 /* Release */,
			);
			defaultConfigurationIsVisible = 0;
			defaultConfigurationName = Release;
		};
		7C7CC95D204D91C2006EBF80 /* Build configuration list for PBXNativeTarget "WeatherApp" */ = {
			isa = XCConfigurationList;
			buildConfigurations = (
				7C7CC95E204D91C2006EBF80 /* Debug */,
				7C7CC95F204D91C2006EBF80 /* Release */,
			);
			defaultConfigurationIsVisible = 0;
			defaultConfigurationName = Release;
		};
/* End XCConfigurationList section */
	};
	rootObject = 7C7CC943204D91C2006EBF80 /* Project object */;
}
