// !$*UTF8*$!
{
	archiveVersion = 1;
	classes = {
	};
	objectVersion = 48;
	objects = {

/* Begin PBXBuildFile section */
		689BE8B980C1F269FF91BAC0 /* Pods_WeatherApp.framework in Frameworks */ = {isa = PBXBuildFile; fileRef = CDA28FD8F7F725276FFA31DD /* Pods_WeatherApp.framework */; };
		7C7CC94F204D91C2006EBF80 /* AppDelegate.swift in Sources */ = {isa = PBXBuildFile; fileRef = 7C7CC94E204D91C2006EBF80 /* AppDelegate.swift */; };
		7C7CC954204D91C2006EBF80 /* Main.storyboard in Resources */ = {isa = PBXBuildFile; fileRef = 7C7CC952204D91C2006EBF80 /* Main.storyboard */; };
		7C7CC956204D91C2006EBF80 /* Assets.xcassets in Resources */ = {isa = PBXBuildFile; fileRef = 7C7CC955204D91C2006EBF80 /* Assets.xcassets */; };
		7C7CC959204D91C2006EBF80 /* LaunchScreen.storyboard in Resources */ = {isa = PBXBuildFile; fileRef = 7C7CC957204D91C2006EBF80 /* LaunchScreen.storyboard */; };
		C35E9DDF205AFC52000452F2 /* LocationManager.swift in Sources */ = {isa = PBXBuildFile; fileRef = C35E9DDE205AFC52000452F2 /* LocationManager.swift */; };
		C35E9DE1205AFC76000452F2 /* LocationManagerProtocol.swift in Sources */ = {isa = PBXBuildFile; fileRef = C35E9DE0205AFC76000452F2 /* LocationManagerProtocol.swift */; };
		C35E9DE3205B1A1B000452F2 /* LocationDelegate.swift in Sources */ = {isa = PBXBuildFile; fileRef = C35E9DE2205B1A1B000452F2 /* LocationDelegate.swift */; };
		C37ECE042052F84F0092D02E /* MapViewInput.swift in Sources */ = {isa = PBXBuildFile; fileRef = C37ECE032052F84F0092D02E /* MapViewInput.swift */; };
		C37ECE062052F8630092D02E /* MapViewOutput.swift in Sources */ = {isa = PBXBuildFile; fileRef = C37ECE052052F8630092D02E /* MapViewOutput.swift */; };
		C37ECE082052FA120092D02E /* MapPresenter.swift in Sources */ = {isa = PBXBuildFile; fileRef = C37ECE072052FA120092D02E /* MapPresenter.swift */; };
		C37ECE0A2052FA280092D02E /* MapInteractor.swift in Sources */ = {isa = PBXBuildFile; fileRef = C37ECE092052FA280092D02E /* MapInteractor.swift */; };
		C37ECE0C2052FA380092D02E /* MapInteractorInput.swift in Sources */ = {isa = PBXBuildFile; fileRef = C37ECE0B2052FA380092D02E /* MapInteractorInput.swift */; };
		C37ECE0E2052FA490092D02E /* MapInteractorOutput.swift in Sources */ = {isa = PBXBuildFile; fileRef = C37ECE0D2052FA490092D02E /* MapInteractorOutput.swift */; };
		C37ECE102052FA5D0092D02E /* MapConfigurator.swift in Sources */ = {isa = PBXBuildFile; fileRef = C37ECE0F2052FA5D0092D02E /* MapConfigurator.swift */; };
		C37ECE122052FA850092D02E /* MapRouter.swift in Sources */ = {isa = PBXBuildFile; fileRef = C37ECE112052FA850092D02E /* MapRouter.swift */; };
		C37ECE142052FA940092D02E /* MapRouterProtocol.swift in Sources */ = {isa = PBXBuildFile; fileRef = C37ECE132052FA940092D02E /* MapRouterProtocol.swift */; };
		C37F77FF205C300C00F613C2 /* AutoCompleteManagerProtocol.swift in Sources */ = {isa = PBXBuildFile; fileRef = C37F77FE205C300C00F613C2 /* AutoCompleteManagerProtocol.swift */; };
		C37F7801205C301D00F613C2 /* AutoCompleteManager.swift in Sources */ = {isa = PBXBuildFile; fileRef = C37F7800205C301D00F613C2 /* AutoCompleteManager.swift */; };
		C37F7803205C455200F613C2 /* MapInitializer.swift in Sources */ = {isa = PBXBuildFile; fileRef = C37F7802205C455200F613C2 /* MapInitializer.swift */; };
		C37F7805205C4D6E00F613C2 /* AutoCompleteDelegate.swift in Sources */ = {isa = PBXBuildFile; fileRef = C37F7804205C4D6E00F613C2 /* AutoCompleteDelegate.swift */; };
		C37F7807205C501A00F613C2 /* Place.swift in Sources */ = {isa = PBXBuildFile; fileRef = C37F7806205C501A00F613C2 /* Place.swift */; };
		C383CC4520599D6F00F3AB5F /* MapKit.framework in Frameworks */ = {isa = PBXBuildFile; fileRef = C383CC4420599D6F00F3AB5F /* MapKit.framework */; };
		C383CC4B2059CDD600F3AB5F /* PinView.swift in Sources */ = {isa = PBXBuildFile; fileRef = C383CC4A2059CDD600F3AB5F /* PinView.swift */; };
		C383CC4D2059CF1500F3AB5F /* MapView.swift in Sources */ = {isa = PBXBuildFile; fileRef = C383CC4C2059CF1500F3AB5F /* MapView.swift */; };
		CB57C899204FD54800B84F39 /* ReusableView.swift in Sources */ = {isa = PBXBuildFile; fileRef = CB57C898204FD54800B84F39 /* ReusableView.swift */; };
		CB57C89B204FD58300B84F39 /* Storyboards.swift in Sources */ = {isa = PBXBuildFile; fileRef = CB57C89A204FD58300B84F39 /* Storyboards.swift */; };
		CB57C89E204FD78D00B84F39 /* CommonAlertsFactoryProtocol.swift in Sources */ = {isa = PBXBuildFile; fileRef = CB57C89D204FD78D00B84F39 /* CommonAlertsFactoryProtocol.swift */; };
		CB57C8A0204FD7F200B84F39 /* CommonAlertsFactory.swift in Sources */ = {isa = PBXBuildFile; fileRef = CB57C89F204FD7F200B84F39 /* CommonAlertsFactory.swift */; };
		CB57C8A92050636900B84F39 /* WeatherViewController.swift in Sources */ = {isa = PBXBuildFile; fileRef = CB57C8A82050636900B84F39 /* WeatherViewController.swift */; };
		CB57C8AB2050637F00B84F39 /* WeatherViewInput.swift in Sources */ = {isa = PBXBuildFile; fileRef = CB57C8AA2050637F00B84F39 /* WeatherViewInput.swift */; };
		CB57C8AD2050638E00B84F39 /* WeatherViewOutput.swift in Sources */ = {isa = PBXBuildFile; fileRef = CB57C8AC2050638E00B84F39 /* WeatherViewOutput.swift */; };
		CB57C8B0205063DF00B84F39 /* WeatherPresenter.swift in Sources */ = {isa = PBXBuildFile; fileRef = CB57C8AF205063DF00B84F39 /* WeatherPresenter.swift */; };
		CB57C8B22050640900B84F39 /* WeatherInteractorInput.swift in Sources */ = {isa = PBXBuildFile; fileRef = CB57C8B12050640900B84F39 /* WeatherInteractorInput.swift */; };
		CB57C8B42050642600B84F39 /* WeatherInteractorOutput.swift in Sources */ = {isa = PBXBuildFile; fileRef = CB57C8B32050642600B84F39 /* WeatherInteractorOutput.swift */; };
		CB57C8B62050644400B84F39 /* WeatherInteractor.swift in Sources */ = {isa = PBXBuildFile; fileRef = CB57C8B52050644400B84F39 /* WeatherInteractor.swift */; };
		CB57C8B82050646300B84F39 /* WeatherConfigurator.swift in Sources */ = {isa = PBXBuildFile; fileRef = CB57C8B72050646300B84F39 /* WeatherConfigurator.swift */; };
		CB57C8BA2050648900B84F39 /* WeatherRouterProtocol.swift in Sources */ = {isa = PBXBuildFile; fileRef = CB57C8B92050648900B84F39 /* WeatherRouterProtocol.swift */; };
		CB57C8BC205064EB00B84F39 /* WeatherRouter.swift in Sources */ = {isa = PBXBuildFile; fileRef = CB57C8BB205064EB00B84F39 /* WeatherRouter.swift */; };
		CB57C8BE2050659500B84F39 /* WeatherModuleInput.swift in Sources */ = {isa = PBXBuildFile; fileRef = CB57C8BD2050659500B84F39 /* WeatherModuleInput.swift */; };
		CB57C8C12050743500B84F39 /* Coordinates.swift in Sources */ = {isa = PBXBuildFile; fileRef = CB57C8C02050743500B84F39 /* Coordinates.swift */; };
/* End PBXBuildFile section */

/* Begin PBXFileReference section */
		764CE6EAE46F6C1C129CFFEC /* Pods-WeatherApp.release.xcconfig */ = {isa = PBXFileReference; includeInIndex = 1; lastKnownFileType = text.xcconfig; name = "Pods-WeatherApp.release.xcconfig"; path = "Pods/Target Support Files/Pods-WeatherApp/Pods-WeatherApp.release.xcconfig"; sourceTree = "<group>"; };
		7C7CC94B204D91C2006EBF80 /* WeatherApp.app */ = {isa = PBXFileReference; explicitFileType = wrapper.application; includeInIndex = 0; path = WeatherApp.app; sourceTree = BUILT_PRODUCTS_DIR; };
		7C7CC94E204D91C2006EBF80 /* AppDelegate.swift */ = {isa = PBXFileReference; lastKnownFileType = sourcecode.swift; path = AppDelegate.swift; sourceTree = "<group>"; };
		7C7CC953204D91C2006EBF80 /* Base */ = {isa = PBXFileReference; lastKnownFileType = file.storyboard; name = Base; path = Base.lproj/Main.storyboard; sourceTree = "<group>"; };
		7C7CC955204D91C2006EBF80 /* Assets.xcassets */ = {isa = PBXFileReference; lastKnownFileType = folder.assetcatalog; path = Assets.xcassets; sourceTree = "<group>"; };
		7C7CC958204D91C2006EBF80 /* Base */ = {isa = PBXFileReference; lastKnownFileType = file.storyboard; name = Base; path = Base.lproj/LaunchScreen.storyboard; sourceTree = "<group>"; };
		7C7CC95A204D91C2006EBF80 /* Info.plist */ = {isa = PBXFileReference; lastKnownFileType = text.plist.xml; path = Info.plist; sourceTree = "<group>"; };
		C35E9DDE205AFC52000452F2 /* LocationManager.swift */ = {isa = PBXFileReference; lastKnownFileType = sourcecode.swift; path = LocationManager.swift; sourceTree = "<group>"; };
		C35E9DE0205AFC76000452F2 /* LocationManagerProtocol.swift */ = {isa = PBXFileReference; lastKnownFileType = sourcecode.swift; path = LocationManagerProtocol.swift; sourceTree = "<group>"; };
		C35E9DE2205B1A1B000452F2 /* LocationDelegate.swift */ = {isa = PBXFileReference; lastKnownFileType = sourcecode.swift; path = LocationDelegate.swift; sourceTree = "<group>"; };
		C37ECE032052F84F0092D02E /* MapViewInput.swift */ = {isa = PBXFileReference; lastKnownFileType = sourcecode.swift; path = MapViewInput.swift; sourceTree = "<group>"; };
		C37ECE052052F8630092D02E /* MapViewOutput.swift */ = {isa = PBXFileReference; lastKnownFileType = sourcecode.swift; path = MapViewOutput.swift; sourceTree = "<group>"; };
		C37ECE072052FA120092D02E /* MapPresenter.swift */ = {isa = PBXFileReference; lastKnownFileType = sourcecode.swift; path = MapPresenter.swift; sourceTree = "<group>"; };
		C37ECE092052FA280092D02E /* MapInteractor.swift */ = {isa = PBXFileReference; lastKnownFileType = sourcecode.swift; path = MapInteractor.swift; sourceTree = "<group>"; };
		C37ECE0B2052FA380092D02E /* MapInteractorInput.swift */ = {isa = PBXFileReference; lastKnownFileType = sourcecode.swift; path = MapInteractorInput.swift; sourceTree = "<group>"; };
		C37ECE0D2052FA490092D02E /* MapInteractorOutput.swift */ = {isa = PBXFileReference; lastKnownFileType = sourcecode.swift; path = MapInteractorOutput.swift; sourceTree = "<group>"; };
		C37ECE0F2052FA5D0092D02E /* MapConfigurator.swift */ = {isa = PBXFileReference; lastKnownFileType = sourcecode.swift; path = MapConfigurator.swift; sourceTree = "<group>"; };
		C37ECE112052FA850092D02E /* MapRouter.swift */ = {isa = PBXFileReference; lastKnownFileType = sourcecode.swift; path = MapRouter.swift; sourceTree = "<group>"; };
		C37ECE132052FA940092D02E /* MapRouterProtocol.swift */ = {isa = PBXFileReference; lastKnownFileType = sourcecode.swift; path = MapRouterProtocol.swift; sourceTree = "<group>"; };
		C37F77FE205C300C00F613C2 /* AutoCompleteManagerProtocol.swift */ = {isa = PBXFileReference; lastKnownFileType = sourcecode.swift; path = AutoCompleteManagerProtocol.swift; sourceTree = "<group>"; };
		C37F7800205C301D00F613C2 /* AutoCompleteManager.swift */ = {isa = PBXFileReference; lastKnownFileType = sourcecode.swift; path = AutoCompleteManager.swift; sourceTree = "<group>"; };
		C37F7802205C455200F613C2 /* MapInitializer.swift */ = {isa = PBXFileReference; lastKnownFileType = sourcecode.swift; path = MapInitializer.swift; sourceTree = "<group>"; };
		C37F7804205C4D6E00F613C2 /* AutoCompleteDelegate.swift */ = {isa = PBXFileReference; lastKnownFileType = sourcecode.swift; path = AutoCompleteDelegate.swift; sourceTree = "<group>"; };
		C37F7806205C501A00F613C2 /* Place.swift */ = {isa = PBXFileReference; lastKnownFileType = sourcecode.swift; path = Place.swift; sourceTree = "<group>"; };
		C383CC4420599D6F00F3AB5F /* MapKit.framework */ = {isa = PBXFileReference; lastKnownFileType = wrapper.framework; name = MapKit.framework; path = System/Library/Frameworks/MapKit.framework; sourceTree = SDKROOT; };
		C383CC4A2059CDD600F3AB5F /* PinView.swift */ = {isa = PBXFileReference; lastKnownFileType = sourcecode.swift; path = PinView.swift; sourceTree = "<group>"; };
		C383CC4C2059CF1500F3AB5F /* MapView.swift */ = {isa = PBXFileReference; lastKnownFileType = sourcecode.swift; path = MapView.swift; sourceTree = "<group>"; };
		CB57C898204FD54800B84F39 /* ReusableView.swift */ = {isa = PBXFileReference; lastKnownFileType = sourcecode.swift; path = ReusableView.swift; sourceTree = "<group>"; };
		CB57C89A204FD58300B84F39 /* Storyboards.swift */ = {isa = PBXFileReference; lastKnownFileType = sourcecode.swift; path = Storyboards.swift; sourceTree = "<group>"; };
		CB57C89D204FD78D00B84F39 /* CommonAlertsFactoryProtocol.swift */ = {isa = PBXFileReference; lastKnownFileType = sourcecode.swift; path = CommonAlertsFactoryProtocol.swift; sourceTree = "<group>"; };
		CB57C89F204FD7F200B84F39 /* CommonAlertsFactory.swift */ = {isa = PBXFileReference; lastKnownFileType = sourcecode.swift; path = CommonAlertsFactory.swift; sourceTree = "<group>"; };
		CB57C8A82050636900B84F39 /* WeatherViewController.swift */ = {isa = PBXFileReference; lastKnownFileType = sourcecode.swift; path = WeatherViewController.swift; sourceTree = "<group>"; };
		CB57C8AA2050637F00B84F39 /* WeatherViewInput.swift */ = {isa = PBXFileReference; lastKnownFileType = sourcecode.swift; path = WeatherViewInput.swift; sourceTree = "<group>"; };
		CB57C8AC2050638E00B84F39 /* WeatherViewOutput.swift */ = {isa = PBXFileReference; lastKnownFileType = sourcecode.swift; path = WeatherViewOutput.swift; sourceTree = "<group>"; };
		CB57C8AF205063DF00B84F39 /* WeatherPresenter.swift */ = {isa = PBXFileReference; lastKnownFileType = sourcecode.swift; path = WeatherPresenter.swift; sourceTree = "<group>"; };
		CB57C8B12050640900B84F39 /* WeatherInteractorInput.swift */ = {isa = PBXFileReference; lastKnownFileType = sourcecode.swift; path = WeatherInteractorInput.swift; sourceTree = "<group>"; };
		CB57C8B32050642600B84F39 /* WeatherInteractorOutput.swift */ = {isa = PBXFileReference; lastKnownFileType = sourcecode.swift; path = WeatherInteractorOutput.swift; sourceTree = "<group>"; };
		CB57C8B52050644400B84F39 /* WeatherInteractor.swift */ = {isa = PBXFileReference; lastKnownFileType = sourcecode.swift; path = WeatherInteractor.swift; sourceTree = "<group>"; };
		CB57C8B72050646300B84F39 /* WeatherConfigurator.swift */ = {isa = PBXFileReference; lastKnownFileType = sourcecode.swift; path = WeatherConfigurator.swift; sourceTree = "<group>"; };
		CB57C8B92050648900B84F39 /* WeatherRouterProtocol.swift */ = {isa = PBXFileReference; lastKnownFileType = sourcecode.swift; path = WeatherRouterProtocol.swift; sourceTree = "<group>"; };
		CB57C8BB205064EB00B84F39 /* WeatherRouter.swift */ = {isa = PBXFileReference; lastKnownFileType = sourcecode.swift; path = WeatherRouter.swift; sourceTree = "<group>"; };
		CB57C8BD2050659500B84F39 /* WeatherModuleInput.swift */ = {isa = PBXFileReference; lastKnownFileType = sourcecode.swift; path = WeatherModuleInput.swift; sourceTree = "<group>"; };
		CB57C8C02050743500B84F39 /* Coordinates.swift */ = {isa = PBXFileReference; lastKnownFileType = sourcecode.swift; path = Coordinates.swift; sourceTree = "<group>"; };
		CDA28FD8F7F725276FFA31DD /* Pods_WeatherApp.framework */ = {isa = PBXFileReference; explicitFileType = wrapper.framework; includeInIndex = 0; path = Pods_WeatherApp.framework; sourceTree = BUILT_PRODUCTS_DIR; };
		EED6FE2DDCE901827C329D78 /* Pods-WeatherApp.debug.xcconfig */ = {isa = PBXFileReference; includeInIndex = 1; lastKnownFileType = text.xcconfig; name = "Pods-WeatherApp.debug.xcconfig"; path = "Pods/Target Support Files/Pods-WeatherApp/Pods-WeatherApp.debug.xcconfig"; sourceTree = "<group>"; };
/* End PBXFileReference section */

/* Begin PBXFrameworksBuildPhase section */
		7C7CC948204D91C2006EBF80 /* Frameworks */ = {
			isa = PBXFrameworksBuildPhase;
			buildActionMask = 2147483647;
			files = (
				C383CC4520599D6F00F3AB5F /* MapKit.framework in Frameworks */,
				689BE8B980C1F269FF91BAC0 /* Pods_WeatherApp.framework in Frameworks */,
			);
			runOnlyForDeploymentPostprocessing = 0;
		};
/* End PBXFrameworksBuildPhase section */

/* Begin PBXGroup section */
		328F1D8F3D95C2EE94FD958C /* Frameworks */ = {
			isa = PBXGroup;
			children = (
				C383CC4420599D6F00F3AB5F /* MapKit.framework */,
				CDA28FD8F7F725276FFA31DD /* Pods_WeatherApp.framework */,
			);
			name = Frameworks;
			sourceTree = "<group>";
		};
		782B9AB4535D45D8D078C4AA /* Pods */ = {
			isa = PBXGroup;
			children = (
				EED6FE2DDCE901827C329D78 /* Pods-WeatherApp.debug.xcconfig */,
				764CE6EAE46F6C1C129CFFEC /* Pods-WeatherApp.release.xcconfig */,
			);
			name = Pods;
			sourceTree = "<group>";
		};
		7C7CC942204D91C2006EBF80 = {
			isa = PBXGroup;
			children = (
				7C7CC94D204D91C2006EBF80 /* WeatherApp */,
				7C7CC94C204D91C2006EBF80 /* Products */,
				782B9AB4535D45D8D078C4AA /* Pods */,
				328F1D8F3D95C2EE94FD958C /* Frameworks */,
			);
			sourceTree = "<group>";
		};
		7C7CC94C204D91C2006EBF80 /* Products */ = {
			isa = PBXGroup;
			children = (
				7C7CC94B204D91C2006EBF80 /* WeatherApp.app */,
			);
			name = Products;
			sourceTree = "<group>";
		};
		7C7CC94D204D91C2006EBF80 /* WeatherApp */ = {
			isa = PBXGroup;
			children = (
				CB57C897204FD4FB00B84F39 /* Helpers */,
				CB57C894204FD4D500B84F39 /* Modules */,
				CB57C893204FD45500B84F39 /* Commons */,
			);
			path = WeatherApp;
			sourceTree = "<group>";
		};
		C35E9DDD205AFC1A000452F2 /* LocationManager */ = {
			isa = PBXGroup;
			children = (
				C35E9DDE205AFC52000452F2 /* LocationManager.swift */,
				C35E9DE0205AFC76000452F2 /* LocationManagerProtocol.swift */,
				C35E9DE2205B1A1B000452F2 /* LocationDelegate.swift */,
			);
			path = LocationManager;
			sourceTree = "<group>";
		};
		C37ECDF92052F78C0092D02E /* Entities */ = {
			isa = PBXGroup;
			children = (
				C37F7806205C501A00F613C2 /* Place.swift */,
			);
			path = Entities;
			sourceTree = "<group>";
		};
		C37ECDFA2052F79C0092D02E /* Router */ = {
			isa = PBXGroup;
			children = (
				C37ECE112052FA850092D02E /* MapRouter.swift */,
				C37ECE132052FA940092D02E /* MapRouterProtocol.swift */,
			);
			path = Router;
			sourceTree = "<group>";
		};
		C37ECDFB2052F7A70092D02E /* Configurator */ = {
			isa = PBXGroup;
			children = (
				C37ECE0F2052FA5D0092D02E /* MapConfigurator.swift */,
				C37F7802205C455200F613C2 /* MapInitializer.swift */,
			);
			path = Configurator;
			sourceTree = "<group>";
		};
		C37ECDFC2052F7B10092D02E /* Interactor */ = {
			isa = PBXGroup;
			children = (
				C37ECE092052FA280092D02E /* MapInteractor.swift */,
				C37ECE0B2052FA380092D02E /* MapInteractorInput.swift */,
				C37ECE0D2052FA490092D02E /* MapInteractorOutput.swift */,
			);
			path = Interactor;
			sourceTree = "<group>";
		};
		C37ECDFD2052F7BA0092D02E /* Presenter */ = {
			isa = PBXGroup;
			children = (
				C37ECE072052FA120092D02E /* MapPresenter.swift */,
			);
			path = Presenter;
			sourceTree = "<group>";
		};
		C37ECDFE2052F7C70092D02E /* View */ = {
			isa = PBXGroup;
			children = (
				C37ECE032052F84F0092D02E /* MapViewInput.swift */,
				C37ECE052052F8630092D02E /* MapViewOutput.swift */,
				C383CC4A2059CDD600F3AB5F /* PinView.swift */,
				C383CC4C2059CF1500F3AB5F /* MapView.swift */,
			);
			path = View;
			sourceTree = "<group>";
		};
		C37F77FD205C2FA500F613C2 /* AutoCompleteManager */ = {
			isa = PBXGroup;
			children = (
				C37F77FE205C300C00F613C2 /* AutoCompleteManagerProtocol.swift */,
				C37F7800205C301D00F613C2 /* AutoCompleteManager.swift */,
				C37F7804205C4D6E00F613C2 /* AutoCompleteDelegate.swift */,
			);
			path = AutoCompleteManager;
			sourceTree = "<group>";
		};
		CB57C893204FD45500B84F39 /* Commons */ = {
			isa = PBXGroup;
			children = (
				7C7CC94E204D91C2006EBF80 /* AppDelegate.swift */,
				7C7CC952204D91C2006EBF80 /* Main.storyboard */,
				7C7CC955204D91C2006EBF80 /* Assets.xcassets */,
				7C7CC957204D91C2006EBF80 /* LaunchScreen.storyboard */,
				7C7CC95A204D91C2006EBF80 /* Info.plist */,
			);
			path = Commons;
			sourceTree = "<group>";
		};
		CB57C894204FD4D500B84F39 /* Modules */ = {
			isa = PBXGroup;
			children = (
				CB57C896204FD4E300B84F39 /* Weather */,
				CB57C895204FD4DC00B84F39 /* Map */,
			);
			path = Modules;
			sourceTree = "<group>";
		};
		CB57C895204FD4DC00B84F39 /* Map */ = {
			isa = PBXGroup;
			children = (
				C37F77FD205C2FA500F613C2 /* AutoCompleteManager */,
				C35E9DDD205AFC1A000452F2 /* LocationManager */,
				C37ECDFE2052F7C70092D02E /* View */,
				C37ECDFD2052F7BA0092D02E /* Presenter */,
				C37ECDFC2052F7B10092D02E /* Interactor */,
				C37ECDFB2052F7A70092D02E /* Configurator */,
				C37ECDFA2052F79C0092D02E /* Router */,
				C37ECDF92052F78C0092D02E /* Entities */,
			);
			path = Map;
			sourceTree = "<group>";
		};
		CB57C896204FD4E300B84F39 /* Weather */ = {
			isa = PBXGroup;
			children = (
				CB57C8BF2050742300B84F39 /* Entities */,
				CB57C8A52050625A00B84F39 /* Router */,
				CB57C8A42050624D00B84F39 /* Configurator */,
				CB57C8A32050624300B84F39 /* Interactor */,
				CB57C8A22050623E00B84F39 /* Presenter */,
				CB57C8A12050620600B84F39 /* View */,
			);
			path = Weather;
			sourceTree = "<group>";
		};
		CB57C897204FD4FB00B84F39 /* Helpers */ = {
			isa = PBXGroup;
			children = (
				CB57C89C204FD63100B84F39 /* AlertsFactory */,
				CB57C898204FD54800B84F39 /* ReusableView.swift */,
				CB57C89A204FD58300B84F39 /* Storyboards.swift */,
			);
			path = Helpers;
			sourceTree = "<group>";
		};
		CB57C89C204FD63100B84F39 /* AlertsFactory */ = {
			isa = PBXGroup;
			children = (
				CB57C89D204FD78D00B84F39 /* CommonAlertsFactoryProtocol.swift */,
				CB57C89F204FD7F200B84F39 /* CommonAlertsFactory.swift */,
			);
			path = AlertsFactory;
			sourceTree = "<group>";
		};
		CB57C8A12050620600B84F39 /* View */ = {
			isa = PBXGroup;
			children = (
				CB57C8A82050636900B84F39 /* WeatherViewController.swift */,
				CB57C8AA2050637F00B84F39 /* WeatherViewInput.swift */,
				CB57C8AC2050638E00B84F39 /* WeatherViewOutput.swift */,
			);
			path = View;
			sourceTree = "<group>";
		};
		CB57C8A22050623E00B84F39 /* Presenter */ = {
			isa = PBXGroup;
			children = (
				CB57C8AF205063DF00B84F39 /* WeatherPresenter.swift */,
			);
			path = Presenter;
			sourceTree = "<group>";
		};
		CB57C8A32050624300B84F39 /* Interactor */ = {
			isa = PBXGroup;
			children = (
				CB57C8B12050640900B84F39 /* WeatherInteractorInput.swift */,
				CB57C8B32050642600B84F39 /* WeatherInteractorOutput.swift */,
				CB57C8B52050644400B84F39 /* WeatherInteractor.swift */,
			);
			path = Interactor;
			sourceTree = "<group>";
		};
		CB57C8A42050624D00B84F39 /* Configurator */ = {
			isa = PBXGroup;
			children = (
				CB57C8B72050646300B84F39 /* WeatherConfigurator.swift */,
			);
			path = Configurator;
			sourceTree = "<group>";
		};
		CB57C8A52050625A00B84F39 /* Router */ = {
			isa = PBXGroup;
			children = (
				CB57C8B92050648900B84F39 /* WeatherRouterProtocol.swift */,
				CB57C8BB205064EB00B84F39 /* WeatherRouter.swift */,
				CB57C8BD2050659500B84F39 /* WeatherModuleInput.swift */,
			);
			path = Router;
			sourceTree = "<group>";
		};
		CB57C8BF2050742300B84F39 /* Entities */ = {
			isa = PBXGroup;
			children = (
				CB57C8C02050743500B84F39 /* Coordinates.swift */,
			);
			path = Entities;
			sourceTree = "<group>";
		};
/* End PBXGroup section */

/* Begin PBXNativeTarget section */
		7C7CC94A204D91C2006EBF80 /* WeatherApp */ = {
			isa = PBXNativeTarget;
			buildConfigurationList = 7C7CC95D204D91C2006EBF80 /* Build configuration list for PBXNativeTarget "WeatherApp" */;
			buildPhases = (
				978872D5A4DD9A4BB07A05F2 /* [CP] Check Pods Manifest.lock */,
				7C7CC947204D91C2006EBF80 /* Sources */,
				7C7CC948204D91C2006EBF80 /* Frameworks */,
				7C7CC949204D91C2006EBF80 /* Resources */,
				3556663BEE28BB62B4C6B138 /* [CP] Embed Pods Frameworks */,
				B1DB201668036670E665F6E4 /* [CP] Copy Pods Resources */,
			);
			buildRules = (
			);
			dependencies = (
			);
			name = WeatherApp;
			productName = WeatherApp;
			productReference = 7C7CC94B204D91C2006EBF80 /* WeatherApp.app */;
			productType = "com.apple.product-type.application";
		};
/* End PBXNativeTarget section */

/* Begin PBXProject section */
		7C7CC943204D91C2006EBF80 /* Project object */ = {
			isa = PBXProject;
			attributes = {
				LastSwiftUpdateCheck = 0920;
				LastUpgradeCheck = 0920;
				ORGANIZATIONNAME = iOSLab;
				TargetAttributes = {
					7C7CC94A204D91C2006EBF80 = {
						CreatedOnToolsVersion = 9.2;
						ProvisioningStyle = Automatic;
						SystemCapabilities = {
							com.apple.Maps.iOS = {
								enabled = 1;
							};
						};
					};
				};
			};
			buildConfigurationList = 7C7CC946204D91C2006EBF80 /* Build configuration list for PBXProject "WeatherApp" */;
			compatibilityVersion = "Xcode 8.0";
			developmentRegion = en;
			hasScannedForEncodings = 0;
			knownRegions = (
				en,
				Base,
			);
			mainGroup = 7C7CC942204D91C2006EBF80;
			productRefGroup = 7C7CC94C204D91C2006EBF80 /* Products */;
			projectDirPath = "";
			projectRoot = "";
			targets = (
				7C7CC94A204D91C2006EBF80 /* WeatherApp */,
			);
		};
/* End PBXProject section */

/* Begin PBXResourcesBuildPhase section */
		7C7CC949204D91C2006EBF80 /* Resources */ = {
			isa = PBXResourcesBuildPhase;
			buildActionMask = 2147483647;
			files = (
				7C7CC959204D91C2006EBF80 /* LaunchScreen.storyboard in Resources */,
				7C7CC956204D91C2006EBF80 /* Assets.xcassets in Resources */,
				7C7CC954204D91C2006EBF80 /* Main.storyboard in Resources */,
			);
			runOnlyForDeploymentPostprocessing = 0;
		};
/* End PBXResourcesBuildPhase section */

/* Begin PBXShellScriptBuildPhase section */
		3556663BEE28BB62B4C6B138 /* [CP] Embed Pods Frameworks */ = {
			isa = PBXShellScriptBuildPhase;
			buildActionMask = 2147483647;
			files = (
			);
			inputPaths = (
				"${SRCROOT}/Pods/Target Support Files/Pods-WeatherApp/Pods-WeatherApp-frameworks.sh",
				"${BUILT_PRODUCTS_DIR}/SDWebImage/SDWebImage.framework",
			);
			name = "[CP] Embed Pods Frameworks";
			outputPaths = (
				"${TARGET_BUILD_DIR}/${FRAMEWORKS_FOLDER_PATH}/SDWebImage.framework",
			);
			runOnlyForDeploymentPostprocessing = 0;
			shellPath = /bin/sh;
			shellScript = "\"${SRCROOT}/Pods/Target Support Files/Pods-WeatherApp/Pods-WeatherApp-frameworks.sh\"\n";
			showEnvVarsInLog = 0;
		};
		978872D5A4DD9A4BB07A05F2 /* [CP] Check Pods Manifest.lock */ = {
			isa = PBXShellScriptBuildPhase;
			buildActionMask = 2147483647;
			files = (
			);
			inputPaths = (
				"${PODS_PODFILE_DIR_PATH}/Podfile.lock",
				"${PODS_ROOT}/Manifest.lock",
			);
			name = "[CP] Check Pods Manifest.lock";
			outputPaths = (
				"$(DERIVED_FILE_DIR)/Pods-WeatherApp-checkManifestLockResult.txt",
			);
			runOnlyForDeploymentPostprocessing = 0;
			shellPath = /bin/sh;
			shellScript = "diff \"${PODS_PODFILE_DIR_PATH}/Podfile.lock\" \"${PODS_ROOT}/Manifest.lock\" > /dev/null\nif [ $? != 0 ] ; then\n    # print error to STDERR\n    echo \"error: The sandbox is not in sync with the Podfile.lock. Run 'pod install' or update your CocoaPods installation.\" >&2\n    exit 1\nfi\n# This output is used by Xcode 'outputs' to avoid re-running this script phase.\necho \"SUCCESS\" > \"${SCRIPT_OUTPUT_FILE_0}\"\n";
			showEnvVarsInLog = 0;
		};
		B1DB201668036670E665F6E4 /* [CP] Copy Pods Resources */ = {
			isa = PBXShellScriptBuildPhase;
			buildActionMask = 2147483647;
			files = (
			);
			inputPaths = (
				"${SRCROOT}/Pods/Target Support Files/Pods-WeatherApp/Pods-WeatherApp-resources.sh",
				"${PODS_ROOT}/GoogleMaps/Maps/Frameworks/GoogleMaps.framework/Resources/GoogleMaps.bundle",
				"${PODS_ROOT}/GooglePlaces/Frameworks/GooglePlaces.framework/Resources/GooglePlaces.bundle",
			);
			name = "[CP] Copy Pods Resources";
			outputPaths = (
				"${TARGET_BUILD_DIR}/${UNLOCALIZED_RESOURCES_FOLDER_PATH}/GoogleMaps.bundle",
				"${TARGET_BUILD_DIR}/${UNLOCALIZED_RESOURCES_FOLDER_PATH}/GooglePlaces.bundle",
			);
			runOnlyForDeploymentPostprocessing = 0;
			shellPath = /bin/sh;
			shellScript = "\"${SRCROOT}/Pods/Target Support Files/Pods-WeatherApp/Pods-WeatherApp-resources.sh\"\n";
			showEnvVarsInLog = 0;
		};
/* End PBXShellScriptBuildPhase section */

/* Begin PBXSourcesBuildPhase section */
		7C7CC947204D91C2006EBF80 /* Sources */ = {
			isa = PBXSourcesBuildPhase;
			buildActionMask = 2147483647;
			files = (
				CB57C8A0204FD7F200B84F39 /* CommonAlertsFactory.swift in Sources */,
				C37F77FF205C300C00F613C2 /* AutoCompleteManagerProtocol.swift in Sources */,
				CB57C8B62050644400B84F39 /* WeatherInteractor.swift in Sources */,
				CB57C89B204FD58300B84F39 /* Storyboards.swift in Sources */,
				CB57C8B22050640900B84F39 /* WeatherInteractorInput.swift in Sources */,
				CB57C8AD2050638E00B84F39 /* WeatherViewOutput.swift in Sources */,
				CB57C8B42050642600B84F39 /* WeatherInteractorOutput.swift in Sources */,
				C35E9DDF205AFC52000452F2 /* LocationManager.swift in Sources */,
				C37ECE0E2052FA490092D02E /* MapInteractorOutput.swift in Sources */,
				7C7CC94F204D91C2006EBF80 /* AppDelegate.swift in Sources */,
				C37ECE042052F84F0092D02E /* MapViewInput.swift in Sources */,
				C37ECE082052FA120092D02E /* MapPresenter.swift in Sources */,
				C37F7801205C301D00F613C2 /* AutoCompleteManager.swift in Sources */,
				C37ECE062052F8630092D02E /* MapViewOutput.swift in Sources */,
				CB57C8BE2050659500B84F39 /* WeatherModuleInput.swift in Sources */,
				C37F7807205C501A00F613C2 /* Place.swift in Sources */,
				C37ECE122052FA850092D02E /* MapRouter.swift in Sources */,
				C35E9DE1205AFC76000452F2 /* LocationManagerProtocol.swift in Sources */,
				C383CC4D2059CF1500F3AB5F /* MapView.swift in Sources */,
				CB57C8B0205063DF00B84F39 /* WeatherPresenter.swift in Sources */,
				CB57C8AB2050637F00B84F39 /* WeatherViewInput.swift in Sources */,
				C37F7805205C4D6E00F613C2 /* AutoCompleteDelegate.swift in Sources */,
				CB57C8A92050636900B84F39 /* WeatherViewController.swift in Sources */,
				CB57C89E204FD78D00B84F39 /* CommonAlertsFactoryProtocol.swift in Sources */,
				C37ECE142052FA940092D02E /* MapRouterProtocol.swift in Sources */,
				CB57C8BA2050648900B84F39 /* WeatherRouterProtocol.swift in Sources */,
				C37ECE0A2052FA280092D02E /* MapInteractor.swift in Sources */,
				C37F7803205C455200F613C2 /* MapInitializer.swift in Sources */,
				CB57C899204FD54800B84F39 /* ReusableView.swift in Sources */,
				C37ECE102052FA5D0092D02E /* MapConfigurator.swift in Sources */,
				CB57C8C12050743500B84F39 /* Coordinates.swift in Sources */,
				C383CC4B2059CDD600F3AB5F /* PinView.swift in Sources */,
				CB57C8B82050646300B84F39 /* WeatherConfigurator.swift in Sources */,
				C37ECE0C2052FA380092D02E /* MapInteractorInput.swift in Sources */,
				C35E9DE3205B1A1B000452F2 /* LocationDelegate.swift in Sources */,
				CB57C8BC205064EB00B84F39 /* WeatherRouter.swift in Sources */,
			);
			runOnlyForDeploymentPostprocessing = 0;
		};
/* End PBXSourcesBuildPhase section */

/* Begin PBXVariantGroup section */
		7C7CC952204D91C2006EBF80 /* Main.storyboard */ = {
			isa = PBXVariantGroup;
			children = (
				7C7CC953204D91C2006EBF80 /* Base */,
			);
			name = Main.storyboard;
			sourceTree = "<group>";
		};
		7C7CC957204D91C2006EBF80 /* LaunchScreen.storyboard */ = {
			isa = PBXVariantGroup;
			children = (
				7C7CC958204D91C2006EBF80 /* Base */,
			);
			name = LaunchScreen.storyboard;
			sourceTree = "<group>";
		};
/* End PBXVariantGroup section */

/* Begin XCBuildConfiguration section */
		7C7CC95B204D91C2006EBF80 /* Debug */ = {
			isa = XCBuildConfiguration;
			buildSettings = {
				ALWAYS_SEARCH_USER_PATHS = NO;
				CLANG_ANALYZER_NONNULL = YES;
				CLANG_ANALYZER_NUMBER_OBJECT_CONVERSION = YES_AGGRESSIVE;
				CLANG_CXX_LANGUAGE_STANDARD = "gnu++14";
				CLANG_CXX_LIBRARY = "libc++";
				CLANG_ENABLE_MODULES = YES;
				CLANG_ENABLE_OBJC_ARC = YES;
				CLANG_WARN_BLOCK_CAPTURE_AUTORELEASING = YES;
				CLANG_WARN_BOOL_CONVERSION = YES;
				CLANG_WARN_COMMA = YES;
				CLANG_WARN_CONSTANT_CONVERSION = YES;
				CLANG_WARN_DIRECT_OBJC_ISA_USAGE = YES_ERROR;
				CLANG_WARN_DOCUMENTATION_COMMENTS = YES;
				CLANG_WARN_EMPTY_BODY = YES;
				CLANG_WARN_ENUM_CONVERSION = YES;
				CLANG_WARN_INFINITE_RECURSION = YES;
				CLANG_WARN_INT_CONVERSION = YES;
				CLANG_WARN_NON_LITERAL_NULL_CONVERSION = YES;
				CLANG_WARN_OBJC_LITERAL_CONVERSION = YES;
				CLANG_WARN_OBJC_ROOT_CLASS = YES_ERROR;
				CLANG_WARN_RANGE_LOOP_ANALYSIS = YES;
				CLANG_WARN_STRICT_PROTOTYPES = YES;
				CLANG_WARN_SUSPICIOUS_MOVE = YES;
				CLANG_WARN_UNGUARDED_AVAILABILITY = YES_AGGRESSIVE;
				CLANG_WARN_UNREACHABLE_CODE = YES;
				CLANG_WARN__DUPLICATE_METHOD_MATCH = YES;
				CODE_SIGN_IDENTITY = "iPhone Developer";
				COPY_PHASE_STRIP = NO;
				DEBUG_INFORMATION_FORMAT = dwarf;
				ENABLE_STRICT_OBJC_MSGSEND = YES;
				ENABLE_TESTABILITY = YES;
				GCC_C_LANGUAGE_STANDARD = gnu11;
				GCC_DYNAMIC_NO_PIC = NO;
				GCC_NO_COMMON_BLOCKS = YES;
				GCC_OPTIMIZATION_LEVEL = 0;
				GCC_PREPROCESSOR_DEFINITIONS = (
					"DEBUG=1",
					"$(inherited)",
				);
				GCC_WARN_64_TO_32_BIT_CONVERSION = YES;
				GCC_WARN_ABOUT_RETURN_TYPE = YES_ERROR;
				GCC_WARN_UNDECLARED_SELECTOR = YES;
				GCC_WARN_UNINITIALIZED_AUTOS = YES_AGGRESSIVE;
				GCC_WARN_UNUSED_FUNCTION = YES;
				GCC_WARN_UNUSED_VARIABLE = YES;
				IPHONEOS_DEPLOYMENT_TARGET = 11.2;
				MTL_ENABLE_DEBUG_INFO = YES;
				ONLY_ACTIVE_ARCH = YES;
				SDKROOT = iphoneos;
				SWIFT_ACTIVE_COMPILATION_CONDITIONS = DEBUG;
				SWIFT_OPTIMIZATION_LEVEL = "-Onone";
			};
			name = Debug;
		};
		7C7CC95C204D91C2006EBF80 /* Release */ = {
			isa = XCBuildConfiguration;
			buildSettings = {
				ALWAYS_SEARCH_USER_PATHS = NO;
				CLANG_ANALYZER_NONNULL = YES;
				CLANG_ANALYZER_NUMBER_OBJECT_CONVERSION = YES_AGGRESSIVE;
				CLANG_CXX_LANGUAGE_STANDARD = "gnu++14";
				CLANG_CXX_LIBRARY = "libc++";
				CLANG_ENABLE_MODULES = YES;
				CLANG_ENABLE_OBJC_ARC = YES;
				CLANG_WARN_BLOCK_CAPTURE_AUTORELEASING = YES;
				CLANG_WARN_BOOL_CONVERSION = YES;
				CLANG_WARN_COMMA = YES;
				CLANG_WARN_CONSTANT_CONVERSION = YES;
				CLANG_WARN_DIRECT_OBJC_ISA_USAGE = YES_ERROR;
				CLANG_WARN_DOCUMENTATION_COMMENTS = YES;
				CLANG_WARN_EMPTY_BODY = YES;
				CLANG_WARN_ENUM_CONVERSION = YES;
				CLANG_WARN_INFINITE_RECURSION = YES;
				CLANG_WARN_INT_CONVERSION = YES;
				CLANG_WARN_NON_LITERAL_NULL_CONVERSION = YES;
				CLANG_WARN_OBJC_LITERAL_CONVERSION = YES;
				CLANG_WARN_OBJC_ROOT_CLASS = YES_ERROR;
				CLANG_WARN_RANGE_LOOP_ANALYSIS = YES;
				CLANG_WARN_STRICT_PROTOTYPES = YES;
				CLANG_WARN_SUSPICIOUS_MOVE = YES;
				CLANG_WARN_UNGUARDED_AVAILABILITY = YES_AGGRESSIVE;
				CLANG_WARN_UNREACHABLE_CODE = YES;
				CLANG_WARN__DUPLICATE_METHOD_MATCH = YES;
				CODE_SIGN_IDENTITY = "iPhone Developer";
				COPY_PHASE_STRIP = NO;
				DEBUG_INFORMATION_FORMAT = "dwarf-with-dsym";
				ENABLE_NS_ASSERTIONS = NO;
				ENABLE_STRICT_OBJC_MSGSEND = YES;
				GCC_C_LANGUAGE_STANDARD = gnu11;
				GCC_NO_COMMON_BLOCKS = YES;
				GCC_WARN_64_TO_32_BIT_CONVERSION = YES;
				GCC_WARN_ABOUT_RETURN_TYPE = YES_ERROR;
				GCC_WARN_UNDECLARED_SELECTOR = YES;
				GCC_WARN_UNINITIALIZED_AUTOS = YES_AGGRESSIVE;
				GCC_WARN_UNUSED_FUNCTION = YES;
				GCC_WARN_UNUSED_VARIABLE = YES;
				IPHONEOS_DEPLOYMENT_TARGET = 11.2;
				MTL_ENABLE_DEBUG_INFO = NO;
				SDKROOT = iphoneos;
				SWIFT_OPTIMIZATION_LEVEL = "-Owholemodule";
				VALIDATE_PRODUCT = YES;
			};
			name = Release;
		};
		7C7CC95E204D91C2006EBF80 /* Debug */ = {
			isa = XCBuildConfiguration;
			baseConfigurationReference = EED6FE2DDCE901827C329D78 /* Pods-WeatherApp.debug.xcconfig */;
			buildSettings = {
				ASSETCATALOG_COMPILER_APPICON_NAME = AppIcon;
				CODE_SIGN_STYLE = Automatic;
				DEVELOPMENT_TEAM = W2LXQKGF2K;
				INFOPLIST_FILE = "$(SRCROOT)/WeatherApp/Commons/Info.plist";
				LD_RUNPATH_SEARCH_PATHS = "$(inherited) @executable_path/Frameworks";
				PRODUCT_BUNDLE_IDENTIFIER = WeatherApp45677;
				PRODUCT_NAME = "$(TARGET_NAME)";
				SWIFT_VERSION = 4.0;
				TARGETED_DEVICE_FAMILY = "1,2";
			};
			name = Debug;
		};
		7C7CC95F204D91C2006EBF80 /* Release */ = {
			isa = XCBuildConfiguration;
			baseConfigurationReference = 764CE6EAE46F6C1C129CFFEC /* Pods-WeatherApp.release.xcconfig */;
			buildSettings = {
				ASSETCATALOG_COMPILER_APPICON_NAME = AppIcon;
				CODE_SIGN_STYLE = Automatic;
				DEVELOPMENT_TEAM = W2LXQKGF2K;
				INFOPLIST_FILE = "$(SRCROOT)/WeatherApp/Commons/Info.plist";
				LD_RUNPATH_SEARCH_PATHS = "$(inherited) @executable_path/Frameworks";
				PRODUCT_BUNDLE_IDENTIFIER = WeatherApp45677;
				PRODUCT_NAME = "$(TARGET_NAME)";
				SWIFT_VERSION = 4.0;
				TARGETED_DEVICE_FAMILY = "1,2";
			};
			name = Release;
		};
/* End XCBuildConfiguration section */

/* Begin XCConfigurationList section */
		7C7CC946204D91C2006EBF80 /* Build configuration list for PBXProject "WeatherApp" */ = {
			isa = XCConfigurationList;
			buildConfigurations = (
				7C7CC95B204D91C2006EBF80 /* Debug */,
				7C7CC95C204D91C2006EBF80 /* Release */,
			);
			defaultConfigurationIsVisible = 0;
			defaultConfigurationName = Release;
		};
		7C7CC95D204D91C2006EBF80 /* Build configuration list for PBXNativeTarget "WeatherApp" */ = {
			isa = XCConfigurationList;
			buildConfigurations = (
				7C7CC95E204D91C2006EBF80 /* Debug */,
				7C7CC95F204D91C2006EBF80 /* Release */,
			);
			defaultConfigurationIsVisible = 0;
			defaultConfigurationName = Release;
		};
/* End XCConfigurationList section */
	};
	rootObject = 7C7CC943204D91C2006EBF80 /* Project object */;
}
